
Microsoft Visual Studio Solution File, Format Version 12.00
# Visual Studio Version 16
VisualStudioVersion = 16.0.30225.117
MinimumVisualStudioVersion = 10.0.40219.1
Project("{FAE04EC0-301F-11D3-BF4B-00C04F79EFBC}") = "Winform3-文本框和label", "Winform3-文本框TextBox和标签Label\Winform3-文本框和label.csproj", "{004E41D9-B5C8-493B-AC6E-7D40AF1C8DEA}"
EndProject
Project("{FAE04EC0-301F-11D3-BF4B-00C04F79EFBC}") = "Winform4-Timer", "Winform4-Timer\Winform4-Timer.csproj", "{5B01EC82-3BCD-400D-A5C9-A4E70C6BD835}"
EndProject
Project("{FAE04EC0-301F-11D3-BF4B-00C04F79EFBC}") = "Winform4-Timer练习-闹钟", "Winform4-Timer练习-闹钟\Winform4-Timer练习-闹钟.csproj", "{8E4FA33E-C2E9-42B0-B402-B54A923D40E1}"
EndProject
Project("{FAE04EC0-301F-11D3-BF4B-00C04F79EFBC}") = "Winform5-记事本", "Winform5-记事本\Winform5-记事本.csproj", "{C1DB60C2-7724-4707-B96F-0225DD49C0C6}"
EndProject
Project("{FAE04EC0-301F-11D3-BF4B-00C04F79EFBC}") = "Winform6-单选框和多选框", "Winform6-单选框和多选框\Winform6-单选框和多选框.csproj", "{9FEE704C-81CB-4AD2-B306-ED827C689E45}"
EndProject
Project("{FAE04EC0-301F-11D3-BF4B-00C04F79EFBC}") = "WInform6-单选框练习", "WInform6-单选框练习\WInform6-单选框练习.csproj", "{97602AD2-C562-499C-9484-8AA1BF8DBAF3}"
EndProject
Project("{FAE04EC0-301F-11D3-BF4B-00C04F79EFBC}") = "Winform7-MDI窗体", "Winform7-MDI窗体\Winform7-MDI窗体.csproj", "{EA50CCC6-86C7-4DA7-9FA8-8159D949EE3F}"
EndProject
Project("{FAE04EC0-301F-11D3-BF4B-00C04F79EFBC}") = "Winform10-WebBrowser控件", "Winform10-WebBrower控件\Winform10-WebBrowser控件.csproj", "{3DF9ADEF-7AD6-455D-BD17-3993E7D10C37}"
EndProject
Project("{FAE04EC0-301F-11D3-BF4B-00C04F79EFBC}") = "Winform11-ListBox控件", "Winform11-ListBox控件\Winform11-ListBox控件.csproj", "{7AE4FCF0-3D38-4A86-8896-C21FDDB6DE8E}"
EndProject
Project("{FAE04EC0-301F-11D3-BF4B-00C04F79EFBC}") = "Winform9-ComboBox控件", "Winform9-ComboBox控件\Winform9-ComboBox控件.csproj", "{C3B034F4-323D-4711-977C-E928D0671241}"
EndProject
Project("{FAE04EC0-301F-11D3-BF4B-00C04F79EFBC}") = "Winform2-MouseEnter练习", "Winform2-MouseEnter练习\Winform-MouseEnter练习\Winform2-MouseEnter练习.csproj", "{6694E4F7-F1B7-4446-8874-A339007B3D05}"
EndProject
Project("{FAE04EC0-301F-11D3-BF4B-00C04F79EFBC}") = "Winform8-PictureBox-照片翻页", "Winform8-PictureBox-照片翻页\Winform8-PictureBox-照片翻页.csproj", "{6938ABA8-4494-4DE5-A8C3-8D55A6A42980}"
EndProject
Project("{FAE04EC0-301F-11D3-BF4B-00C04F79EFBC}") = "Winform13-面向对象在winform中使用-石头剪刀布", "Winform13-面向对象在winform中使用-石头剪刀布\Winform13-面向对象在winform中使用-石头剪刀布\Winform13-面向对象在winform中使用-石头剪刀布.csproj", "{170BB116-D216-419E-9CB1-57F34F2C841A}"
EndProject
Project("{FAE04EC0-301F-11D3-BF4B-00C04F79EFBC}") = "Winform13-文件对话框", "Winform13-文件对话框\Winform13-文件对话框.csproj", "{4E206CE5-75DC-4B14-876F-81D601D5C86D}"
EndProject
Project("{FAE04EC0-301F-11D3-BF4B-00C04F79EFBC}") = "Winform14-完整记事本", "Winform14-完整记事本\Winform14-完整记事本.csproj", "{D199D9E0-C174-4928-8A9A-40A0AAE6B35D}"
EndProject
Project("{FAE04EC0-301F-11D3-BF4B-00C04F79EFBC}") = "Winform1", "Winform1-初识\Winform-1\Winform1.csproj", "{3D873FB6-2A49-43BD-81F5-B11DBE318527}"
EndProject
Project("{FAE04EC0-301F-11D3-BF4B-00C04F79EFBC}") = "WinForm-GDI_初识", "WinForm-GDI_初识\WinForm-GDI_初识.csproj", "{30BF7A9B-777E-4AD0-A42A-2795E728EACC}"
EndProject
Project("{FAE04EC0-301F-11D3-BF4B-00C04F79EFBC}") = "WinForm-GDI_验证码", "WinForm-GDI_验证码\WinForm-GDI_验证码\WinForm-GDI_验证码.csproj", "{B10C462F-860E-4662-A867-61C519D8379F}"
EndProject
Project("{2150E333-8FDC-42A3-9474-1A3956D46DE8}") = "线程和进程", "线程和进程", "{D059EEE0-F3C3-4433-BD06-1C9408B61F51}"
EndProject
Project("{FAE04EC0-301F-11D3-BF4B-00C04F79EFBC}") = "001进程", "线程和进程\001进程\001进程.csproj", "{489A24A3-917F-4A9A-B0D2-B68D7FFE1A4D}"
EndProject
Project("{FAE04EC0-301F-11D3-BF4B-00C04F79EFBC}") = "002线程", "线程和进程\002线程\002线程.csproj", "{1BFB3BB5-3FC1-492F-BEDA-45F0C07CE248}"
EndProject
Project("{FAE04EC0-301F-11D3-BF4B-00C04F79EFBC}") = "002线程-摇奖机", "线程和进程\002线程-摇奖机\002线程-摇奖机.csproj", "{6E3302A5-8697-43D2-9F8D-C23426EAC474}"
EndProject
Project("{FAE04EC0-301F-11D3-BF4B-00C04F79EFBC}") = "Winform15-单例模式", "Winform-15-单例模式\Winform15-单例模式.csproj", "{D6BB89AB-36F7-437F-8837-FD7BA37C2766}"
EndProject
Project("{2150E333-8FDC-42A3-9474-1A3956D46DE8}") = "DevExpress", "DevExpress", "{AFA5B06A-A25F-4F40-BBF7-37673ACCC54B}"
EndProject
Project("{FAE04EC0-301F-11D3-BF4B-00C04F79EFBC}") = "DEV1_XtraFrom", "DEV1_XtraFrom\DEV1_XtraFrom.csproj", "{4E63AAB6-6D5C-47C5-9913-7658CF8741CC}"
EndProject
Project("{FAE04EC0-301F-11D3-BF4B-00C04F79EFBC}") = "DEV2_GridView", "DEV2_GridView\DEV2_GridView.csproj", "{DE2FFF7F-68CB-4A38-8DDF-EE86C571AA84}"
EndProject
Project("{FAE04EC0-301F-11D3-BF4B-00C04F79EFBC}") = "Winform-WebBrowser", "Winform-WebBrowser\Winform-WebBrowser.csproj", "{E46ED6BF-87B1-41AD-A5AE-3B9AAB4E1336}"
EndProject
Project("{FAE04EC0-301F-11D3-BF4B-00C04F79EFBC}") = "DEV3_GridControl", "DEV3_GridControl\DEV3_GridControl.csproj", "{B60FBE24-EFB8-4822-8817-E91B29DCE2B4}"
EndProject
Project("{FAE04EC0-301F-11D3-BF4B-00C04F79EFBC}") = "DEV4_LayoutControl布局", "DEV4_LayoutControl布局\DEV4_LayoutControl布局.csproj", "{9D140850-554F-4388-AC00-D5D8617A6C52}"
EndProject
Project("{FAE04EC0-301F-11D3-BF4B-00C04F79EFBC}") = "DEV5_选中行右键操作", "DEV5_选中行右键操作\DEV5_选中行右键操作.csproj", "{1C68BE66-9C49-4856-AC6E-B4C1C0F08072}"
EndProject
Project("{FAE04EC0-301F-11D3-BF4B-00C04F79EFBC}") = "Winform16-自定义MessageBox", "Winform16-自定义MessageBox\Winform16-自定义MessageBox.csproj", "{250F3B09-C780-4700-A859-0EEF1BB49445}"
EndProject
Project("{FAE04EC0-301F-11D3-BF4B-00C04F79EFBC}") = "DEV6_XtraTabControl", "DEV6_XtraTabControl\DEV6_XtraTabControl.csproj", "{B4A4C50D-A743-4E98-A445-BFFBECC20821}"
EndProject
Project("{FAE04EC0-301F-11D3-BF4B-00C04F79EFBC}") = "Dev7_NvaBarControl", "Dev7_NvaBarControl\Dev7_NvaBarControl.csproj", "{500788B7-300F-4D71-A2CE-B3DA5CC9ED22}"
EndProject
Project("{FAE04EC0-301F-11D3-BF4B-00C04F79EFBC}") = "Dev8_Ribbon", "Dev8_Ribbon\Dev8_Ribbon.csproj", "{A0F9D277-91D2-424A-A6B2-ED21B5F62BF9}"
EndProject
Project("{FAE04EC0-301F-11D3-BF4B-00C04F79EFBC}") = "DEV10_ProgerssBarControl", "DEV10_ProgerssBarControl\DEV10_ProgerssBarControl.csproj", "{F41AFEC5-DED2-4EB2-BACF-9F38CB3C7742}"
EndProject
Project("{FAE04EC0-301F-11D3-BF4B-00C04F79EFBC}") = "DEV11_SplitContainerControl", "DEV11_SplitContainerControl\DEV11_SplitContainerControl.csproj", "{3B9FFD61-76E2-49DD-91BA-67429F6928E4}"
EndProject
Project("{FAE04EC0-301F-11D3-BF4B-00C04F79EFBC}") = "DEV9_BarManager", "DEV9_BarManager\DEV9_BarManager.csproj", "{9C74A9EE-B518-4190-959C-C6482D8311DA}"
EndProject
Project("{FAE04EC0-301F-11D3-BF4B-00C04F79EFBC}") = "DEV12_ToolTipController", "DEV12_ToolTipController\DEV12_ToolTipController.csproj", "{0078DD94-7802-426A-8892-8F2F979AF2C8}"
EndProject
Project("{FAE04EC0-301F-11D3-BF4B-00C04F79EFBC}") = "Winform17-EventLog控件", "Winform17-EventLog控件\Winform17-EventLog控件.csproj", "{12C74BDB-D95A-422F-8F4F-453A24106874}"
EndProject
Project("{FAE04EC0-301F-11D3-BF4B-00C04F79EFBC}") = "Winform18-TrackBar", "Winform18_TrackBar\Winform18-TrackBar.csproj", "{255047E7-2BE3-477E-B049-9F09CAF4B932}"
EndProject
Project("{FAE04EC0-301F-11D3-BF4B-00C04F79EFBC}") = "Winform19-TreeView", "Winform19-TreeView\Winform19-TreeView.csproj", "{6A3C06CC-0123-43EA-8B31-AA292F4D275D}"
EndProject
Project("{FAE04EC0-301F-11D3-BF4B-00C04F79EFBC}") = "Dev13_XtraReport", "Dev13_XtraReport\Dev13_XtraReport.csproj", "{F8373DA0-08DB-474F-B6FD-1CB9D9EC7CCE}"
EndProject
Project("{FAE04EC0-301F-11D3-BF4B-00C04F79EFBC}") = "Dev14_BackstageView", "Dev14_BackstageView\Dev14_BackstageView.csproj", "{76905912-8994-4D6F-9F80-838B224E9D8A}"
EndProject
Project("{FAE04EC0-301F-11D3-BF4B-00C04F79EFBC}") = "Dev15_xtraTableMdiManager", "Dev15_xtraTableMdiManager\Dev15_xtraTableMdiManager.csproj", "{B109552D-E727-4410-A145-BB935A51DFC1}"
EndProject
Project("{FAE04EC0-301F-11D3-BF4B-00C04F79EFBC}") = "Winform-登陆窗口逻辑", "Winform-登陆窗口逻辑\Winform-登陆窗口逻辑.csproj", "{D1B4C890-7456-4BFD-8032-11D5FC84E3D4}"
EndProject
Project("{FAE04EC0-301F-11D3-BF4B-00C04F79EFBC}") = "Winform-全局捕获异常", "Winform-全局捕获异常\Winform-全局捕获异常.csproj", "{E914F335-C208-4B00-AEC7-75E5BD587239}"
EndProject
Project("{FAE04EC0-301F-11D3-BF4B-00C04F79EFBC}") = "Winform20-控件二开", "Winform20-控件二开\Winform20-控件二开.csproj", "{CCC25887-55F4-4DB2-A644-A51CD94BC804}"
EndProject
Project("{2150E333-8FDC-42A3-9474-1A3956D46DE8}") = "NewFolder1", "NewFolder1", "{E15B128E-998F-4423-8928-1FC9A6F702D5}"
EndProject
Project("{FAE04EC0-301F-11D3-BF4B-00C04F79EFBC}") = "Winform21_自动关闭的MessageBox", "Winform21_自动关闭的MessageBox\Winform21_自动关闭的MessageBox.csproj", "{E458F70C-6DE3-4B79-ABFD-007CC39A9B0C}"
EndProject
Project("{2150E333-8FDC-42A3-9474-1A3956D46DE8}") = "Winform分页控件", "Winform分页控件", "{76FF98B9-61CC-4BCA-B0F5-38DCA3FD3869}"
EndProject
Project("{FAE04EC0-301F-11D3-BF4B-00C04F79EFBC}") = "Datapager", "WinForm22-自定义分页控件\Datapager\Datapager.csproj", "{D95D4BEA-BEA6-4073-BDF1-DB5CE7EBC92D}"
EndProject
Project("{FAE04EC0-301F-11D3-BF4B-00C04F79EFBC}") = "TestPage", "WinForm22-自定义分页控件\TestDatepager\TestPage.csproj", "{DACBA0CF-E8F0-42E8-AD9E-BAA977E130D7}"
EndProject
Project("{FAE04EC0-301F-11D3-BF4B-00C04F79EFBC}") = "资产管理Demo", "WinForm22-自定义分页控件\资产管理Demo\资产管理Demo.csproj", "{C68021A5-BDF6-4769-B980-5EA73AC48396}"
EndProject
Project("{FAE04EC0-301F-11D3-BF4B-00C04F79EFBC}") = "Dev16_等待窗口", "Dev16_等待窗口\Dev16_等待窗口.csproj", "{A6BDA376-AC59-49D0-96CF-F0B7ACAFFADC}"
EndProject
Project("{FAE04EC0-301F-11D3-BF4B-00C04F79EFBC}") = "Dev17_SplashForm", "Dev17_SplashForm\Dev17_SplashForm.csproj", "{9B13C3ED-D81C-40AC-828D-62EC0BA958AE}"
EndProject
Global
	GlobalSection(SolutionConfigurationPlatforms) = preSolution
		Debug|Any CPU = Debug|Any CPU
		Debug|x86 = Debug|x86
		Release|Any CPU = Release|Any CPU
		Release|x86 = Release|x86
	EndGlobalSection
	GlobalSection(ProjectConfigurationPlatforms) = postSolution
		{004E41D9-B5C8-493B-AC6E-7D40AF1C8DEA}.Debug|Any CPU.ActiveCfg = Debug|x86
		{004E41D9-B5C8-493B-AC6E-7D40AF1C8DEA}.Debug|x86.ActiveCfg = Debug|x86
		{004E41D9-B5C8-493B-AC6E-7D40AF1C8DEA}.Debug|x86.Build.0 = Debug|x86
		{004E41D9-B5C8-493B-AC6E-7D40AF1C8DEA}.Release|Any CPU.ActiveCfg = Release|x86
		{004E41D9-B5C8-493B-AC6E-7D40AF1C8DEA}.Release|x86.ActiveCfg = Release|x86
		{004E41D9-B5C8-493B-AC6E-7D40AF1C8DEA}.Release|x86.Build.0 = Release|x86
		{5B01EC82-3BCD-400D-A5C9-A4E70C6BD835}.Debug|Any CPU.ActiveCfg = Debug|x86
		{5B01EC82-3BCD-400D-A5C9-A4E70C6BD835}.Debug|x86.ActiveCfg = Debug|x86
		{5B01EC82-3BCD-400D-A5C9-A4E70C6BD835}.Debug|x86.Build.0 = Debug|x86
		{5B01EC82-3BCD-400D-A5C9-A4E70C6BD835}.Release|Any CPU.ActiveCfg = Release|x86
		{5B01EC82-3BCD-400D-A5C9-A4E70C6BD835}.Release|x86.ActiveCfg = Release|x86
		{5B01EC82-3BCD-400D-A5C9-A4E70C6BD835}.Release|x86.Build.0 = Release|x86
		{8E4FA33E-C2E9-42B0-B402-B54A923D40E1}.Debug|Any CPU.ActiveCfg = Debug|x86
		{8E4FA33E-C2E9-42B0-B402-B54A923D40E1}.Debug|x86.ActiveCfg = Debug|x86
		{8E4FA33E-C2E9-42B0-B402-B54A923D40E1}.Debug|x86.Build.0 = Debug|x86
		{8E4FA33E-C2E9-42B0-B402-B54A923D40E1}.Release|Any CPU.ActiveCfg = Release|x86
		{8E4FA33E-C2E9-42B0-B402-B54A923D40E1}.Release|x86.ActiveCfg = Release|x86
		{8E4FA33E-C2E9-42B0-B402-B54A923D40E1}.Release|x86.Build.0 = Release|x86
		{C1DB60C2-7724-4707-B96F-0225DD49C0C6}.Debug|Any CPU.ActiveCfg = Debug|x86
		{C1DB60C2-7724-4707-B96F-0225DD49C0C6}.Debug|x86.ActiveCfg = Debug|x86
		{C1DB60C2-7724-4707-B96F-0225DD49C0C6}.Debug|x86.Build.0 = Debug|x86
		{C1DB60C2-7724-4707-B96F-0225DD49C0C6}.Release|Any CPU.ActiveCfg = Release|x86
		{C1DB60C2-7724-4707-B96F-0225DD49C0C6}.Release|x86.ActiveCfg = Release|x86
		{C1DB60C2-7724-4707-B96F-0225DD49C0C6}.Release|x86.Build.0 = Release|x86
		{9FEE704C-81CB-4AD2-B306-ED827C689E45}.Debug|Any CPU.ActiveCfg = Debug|x86
		{9FEE704C-81CB-4AD2-B306-ED827C689E45}.Debug|x86.ActiveCfg = Debug|x86
		{9FEE704C-81CB-4AD2-B306-ED827C689E45}.Debug|x86.Build.0 = Debug|x86
		{9FEE704C-81CB-4AD2-B306-ED827C689E45}.Release|Any CPU.ActiveCfg = Release|x86
		{9FEE704C-81CB-4AD2-B306-ED827C689E45}.Release|x86.ActiveCfg = Release|x86
		{9FEE704C-81CB-4AD2-B306-ED827C689E45}.Release|x86.Build.0 = Release|x86
		{97602AD2-C562-499C-9484-8AA1BF8DBAF3}.Debug|Any CPU.ActiveCfg = Debug|x86
		{97602AD2-C562-499C-9484-8AA1BF8DBAF3}.Debug|x86.ActiveCfg = Debug|x86
		{97602AD2-C562-499C-9484-8AA1BF8DBAF3}.Debug|x86.Build.0 = Debug|x86
		{97602AD2-C562-499C-9484-8AA1BF8DBAF3}.Release|Any CPU.ActiveCfg = Release|x86
		{97602AD2-C562-499C-9484-8AA1BF8DBAF3}.Release|x86.ActiveCfg = Release|x86
		{97602AD2-C562-499C-9484-8AA1BF8DBAF3}.Release|x86.Build.0 = Release|x86
		{EA50CCC6-86C7-4DA7-9FA8-8159D949EE3F}.Debug|Any CPU.ActiveCfg = Debug|x86
		{EA50CCC6-86C7-4DA7-9FA8-8159D949EE3F}.Debug|x86.ActiveCfg = Debug|x86
		{EA50CCC6-86C7-4DA7-9FA8-8159D949EE3F}.Debug|x86.Build.0 = Debug|x86
		{EA50CCC6-86C7-4DA7-9FA8-8159D949EE3F}.Release|Any CPU.ActiveCfg = Release|x86
		{EA50CCC6-86C7-4DA7-9FA8-8159D949EE3F}.Release|x86.ActiveCfg = Release|x86
		{EA50CCC6-86C7-4DA7-9FA8-8159D949EE3F}.Release|x86.Build.0 = Release|x86
		{3DF9ADEF-7AD6-455D-BD17-3993E7D10C37}.Debug|Any CPU.ActiveCfg = Debug|x86
		{3DF9ADEF-7AD6-455D-BD17-3993E7D10C37}.Debug|x86.ActiveCfg = Debug|x86
		{3DF9ADEF-7AD6-455D-BD17-3993E7D10C37}.Debug|x86.Build.0 = Debug|x86
		{3DF9ADEF-7AD6-455D-BD17-3993E7D10C37}.Release|Any CPU.ActiveCfg = Release|x86
		{3DF9ADEF-7AD6-455D-BD17-3993E7D10C37}.Release|x86.ActiveCfg = Release|x86
		{3DF9ADEF-7AD6-455D-BD17-3993E7D10C37}.Release|x86.Build.0 = Release|x86
		{7AE4FCF0-3D38-4A86-8896-C21FDDB6DE8E}.Debug|Any CPU.ActiveCfg = Debug|x86
		{7AE4FCF0-3D38-4A86-8896-C21FDDB6DE8E}.Debug|x86.ActiveCfg = Debug|x86
		{7AE4FCF0-3D38-4A86-8896-C21FDDB6DE8E}.Debug|x86.Build.0 = Debug|x86
		{7AE4FCF0-3D38-4A86-8896-C21FDDB6DE8E}.Release|Any CPU.ActiveCfg = Release|x86
		{7AE4FCF0-3D38-4A86-8896-C21FDDB6DE8E}.Release|x86.ActiveCfg = Release|x86
		{7AE4FCF0-3D38-4A86-8896-C21FDDB6DE8E}.Release|x86.Build.0 = Release|x86
		{C3B034F4-323D-4711-977C-E928D0671241}.Debug|Any CPU.ActiveCfg = Debug|x86
		{C3B034F4-323D-4711-977C-E928D0671241}.Debug|x86.ActiveCfg = Debug|x86
		{C3B034F4-323D-4711-977C-E928D0671241}.Debug|x86.Build.0 = Debug|x86
		{C3B034F4-323D-4711-977C-E928D0671241}.Release|Any CPU.ActiveCfg = Release|x86
		{C3B034F4-323D-4711-977C-E928D0671241}.Release|x86.ActiveCfg = Release|x86
		{C3B034F4-323D-4711-977C-E928D0671241}.Release|x86.Build.0 = Release|x86
		{6694E4F7-F1B7-4446-8874-A339007B3D05}.Debug|Any CPU.ActiveCfg = Debug|x86
		{6694E4F7-F1B7-4446-8874-A339007B3D05}.Debug|x86.ActiveCfg = Debug|x86
		{6694E4F7-F1B7-4446-8874-A339007B3D05}.Debug|x86.Build.0 = Debug|x86
		{6694E4F7-F1B7-4446-8874-A339007B3D05}.Release|Any CPU.ActiveCfg = Release|x86
		{6694E4F7-F1B7-4446-8874-A339007B3D05}.Release|x86.ActiveCfg = Release|x86
		{6694E4F7-F1B7-4446-8874-A339007B3D05}.Release|x86.Build.0 = Release|x86
		{6938ABA8-4494-4DE5-A8C3-8D55A6A42980}.Debug|Any CPU.ActiveCfg = Debug|x86
		{6938ABA8-4494-4DE5-A8C3-8D55A6A42980}.Debug|x86.ActiveCfg = Debug|x86
		{6938ABA8-4494-4DE5-A8C3-8D55A6A42980}.Debug|x86.Build.0 = Debug|x86
		{6938ABA8-4494-4DE5-A8C3-8D55A6A42980}.Release|Any CPU.ActiveCfg = Release|x86
		{6938ABA8-4494-4DE5-A8C3-8D55A6A42980}.Release|x86.ActiveCfg = Release|x86
		{6938ABA8-4494-4DE5-A8C3-8D55A6A42980}.Release|x86.Build.0 = Release|x86
		{170BB116-D216-419E-9CB1-57F34F2C841A}.Debug|Any CPU.ActiveCfg = Debug|x86
		{170BB116-D216-419E-9CB1-57F34F2C841A}.Debug|x86.ActiveCfg = Debug|x86
		{170BB116-D216-419E-9CB1-57F34F2C841A}.Debug|x86.Build.0 = Debug|x86
		{170BB116-D216-419E-9CB1-57F34F2C841A}.Release|Any CPU.ActiveCfg = Release|x86
		{170BB116-D216-419E-9CB1-57F34F2C841A}.Release|x86.ActiveCfg = Release|x86
		{170BB116-D216-419E-9CB1-57F34F2C841A}.Release|x86.Build.0 = Release|x86
		{4E206CE5-75DC-4B14-876F-81D601D5C86D}.Debug|Any CPU.ActiveCfg = Debug|x86
		{4E206CE5-75DC-4B14-876F-81D601D5C86D}.Debug|x86.ActiveCfg = Debug|x86
		{4E206CE5-75DC-4B14-876F-81D601D5C86D}.Debug|x86.Build.0 = Debug|x86
		{4E206CE5-75DC-4B14-876F-81D601D5C86D}.Release|Any CPU.ActiveCfg = Release|x86
		{4E206CE5-75DC-4B14-876F-81D601D5C86D}.Release|x86.ActiveCfg = Release|x86
		{4E206CE5-75DC-4B14-876F-81D601D5C86D}.Release|x86.Build.0 = Release|x86
		{D199D9E0-C174-4928-8A9A-40A0AAE6B35D}.Debug|Any CPU.ActiveCfg = Debug|x86
		{D199D9E0-C174-4928-8A9A-40A0AAE6B35D}.Debug|x86.ActiveCfg = Debug|x86
		{D199D9E0-C174-4928-8A9A-40A0AAE6B35D}.Debug|x86.Build.0 = Debug|x86
		{D199D9E0-C174-4928-8A9A-40A0AAE6B35D}.Release|Any CPU.ActiveCfg = Release|x86
		{D199D9E0-C174-4928-8A9A-40A0AAE6B35D}.Release|x86.ActiveCfg = Release|x86
		{D199D9E0-C174-4928-8A9A-40A0AAE6B35D}.Release|x86.Build.0 = Release|x86
		{3D873FB6-2A49-43BD-81F5-B11DBE318527}.Debug|Any CPU.ActiveCfg = Debug|x86
		{3D873FB6-2A49-43BD-81F5-B11DBE318527}.Debug|x86.ActiveCfg = Debug|x86
		{3D873FB6-2A49-43BD-81F5-B11DBE318527}.Debug|x86.Build.0 = Debug|x86
		{3D873FB6-2A49-43BD-81F5-B11DBE318527}.Release|Any CPU.ActiveCfg = Release|x86
		{3D873FB6-2A49-43BD-81F5-B11DBE318527}.Release|x86.ActiveCfg = Release|x86
		{3D873FB6-2A49-43BD-81F5-B11DBE318527}.Release|x86.Build.0 = Release|x86
		{30BF7A9B-777E-4AD0-A42A-2795E728EACC}.Debug|Any CPU.ActiveCfg = Debug|x86
		{30BF7A9B-777E-4AD0-A42A-2795E728EACC}.Debug|x86.ActiveCfg = Debug|x86
		{30BF7A9B-777E-4AD0-A42A-2795E728EACC}.Debug|x86.Build.0 = Debug|x86
		{30BF7A9B-777E-4AD0-A42A-2795E728EACC}.Release|Any CPU.ActiveCfg = Release|x86
		{30BF7A9B-777E-4AD0-A42A-2795E728EACC}.Release|x86.ActiveCfg = Release|x86
		{30BF7A9B-777E-4AD0-A42A-2795E728EACC}.Release|x86.Build.0 = Release|x86
		{B10C462F-860E-4662-A867-61C519D8379F}.Debug|Any CPU.ActiveCfg = Debug|x86
		{B10C462F-860E-4662-A867-61C519D8379F}.Debug|x86.ActiveCfg = Debug|x86
		{B10C462F-860E-4662-A867-61C519D8379F}.Debug|x86.Build.0 = Debug|x86
		{B10C462F-860E-4662-A867-61C519D8379F}.Release|Any CPU.ActiveCfg = Release|x86
		{B10C462F-860E-4662-A867-61C519D8379F}.Release|x86.ActiveCfg = Release|x86
		{B10C462F-860E-4662-A867-61C519D8379F}.Release|x86.Build.0 = Release|x86
		{489A24A3-917F-4A9A-B0D2-B68D7FFE1A4D}.Debug|Any CPU.ActiveCfg = Debug|x86
		{489A24A3-917F-4A9A-B0D2-B68D7FFE1A4D}.Debug|x86.ActiveCfg = Debug|x86
		{489A24A3-917F-4A9A-B0D2-B68D7FFE1A4D}.Debug|x86.Build.0 = Debug|x86
		{489A24A3-917F-4A9A-B0D2-B68D7FFE1A4D}.Release|Any CPU.ActiveCfg = Release|x86
		{489A24A3-917F-4A9A-B0D2-B68D7FFE1A4D}.Release|x86.ActiveCfg = Release|x86
		{489A24A3-917F-4A9A-B0D2-B68D7FFE1A4D}.Release|x86.Build.0 = Release|x86
		{1BFB3BB5-3FC1-492F-BEDA-45F0C07CE248}.Debug|Any CPU.ActiveCfg = Debug|x86
		{1BFB3BB5-3FC1-492F-BEDA-45F0C07CE248}.Debug|x86.ActiveCfg = Debug|x86
		{1BFB3BB5-3FC1-492F-BEDA-45F0C07CE248}.Debug|x86.Build.0 = Debug|x86
		{1BFB3BB5-3FC1-492F-BEDA-45F0C07CE248}.Release|Any CPU.ActiveCfg = Release|x86
		{1BFB3BB5-3FC1-492F-BEDA-45F0C07CE248}.Release|x86.ActiveCfg = Release|x86
		{1BFB3BB5-3FC1-492F-BEDA-45F0C07CE248}.Release|x86.Build.0 = Release|x86
		{6E3302A5-8697-43D2-9F8D-C23426EAC474}.Debug|Any CPU.ActiveCfg = Debug|x86
		{6E3302A5-8697-43D2-9F8D-C23426EAC474}.Debug|x86.ActiveCfg = Debug|x86
		{6E3302A5-8697-43D2-9F8D-C23426EAC474}.Debug|x86.Build.0 = Debug|x86
		{6E3302A5-8697-43D2-9F8D-C23426EAC474}.Release|Any CPU.ActiveCfg = Release|x86
		{6E3302A5-8697-43D2-9F8D-C23426EAC474}.Release|x86.ActiveCfg = Release|x86
		{6E3302A5-8697-43D2-9F8D-C23426EAC474}.Release|x86.Build.0 = Release|x86
		{D6BB89AB-36F7-437F-8837-FD7BA37C2766}.Debug|Any CPU.ActiveCfg = Debug|x86
		{D6BB89AB-36F7-437F-8837-FD7BA37C2766}.Debug|x86.ActiveCfg = Debug|x86
		{D6BB89AB-36F7-437F-8837-FD7BA37C2766}.Debug|x86.Build.0 = Debug|x86
		{D6BB89AB-36F7-437F-8837-FD7BA37C2766}.Release|Any CPU.ActiveCfg = Release|x86
		{D6BB89AB-36F7-437F-8837-FD7BA37C2766}.Release|x86.ActiveCfg = Release|x86
		{D6BB89AB-36F7-437F-8837-FD7BA37C2766}.Release|x86.Build.0 = Release|x86
		{4E63AAB6-6D5C-47C5-9913-7658CF8741CC}.Debug|Any CPU.ActiveCfg = Debug|Any CPU
		{4E63AAB6-6D5C-47C5-9913-7658CF8741CC}.Debug|Any CPU.Build.0 = Debug|Any CPU
		{4E63AAB6-6D5C-47C5-9913-7658CF8741CC}.Debug|x86.ActiveCfg = Debug|Any CPU
		{4E63AAB6-6D5C-47C5-9913-7658CF8741CC}.Debug|x86.Build.0 = Debug|Any CPU
		{4E63AAB6-6D5C-47C5-9913-7658CF8741CC}.Release|Any CPU.ActiveCfg = Release|Any CPU
		{4E63AAB6-6D5C-47C5-9913-7658CF8741CC}.Release|Any CPU.Build.0 = Release|Any CPU
		{4E63AAB6-6D5C-47C5-9913-7658CF8741CC}.Release|x86.ActiveCfg = Release|Any CPU
		{4E63AAB6-6D5C-47C5-9913-7658CF8741CC}.Release|x86.Build.0 = Release|Any CPU
		{DE2FFF7F-68CB-4A38-8DDF-EE86C571AA84}.Debug|Any CPU.ActiveCfg = Debug|Any CPU
		{DE2FFF7F-68CB-4A38-8DDF-EE86C571AA84}.Debug|Any CPU.Build.0 = Debug|Any CPU
		{DE2FFF7F-68CB-4A38-8DDF-EE86C571AA84}.Debug|x86.ActiveCfg = Debug|Any CPU
		{DE2FFF7F-68CB-4A38-8DDF-EE86C571AA84}.Debug|x86.Build.0 = Debug|Any CPU
		{DE2FFF7F-68CB-4A38-8DDF-EE86C571AA84}.Release|Any CPU.ActiveCfg = Release|Any CPU
		{DE2FFF7F-68CB-4A38-8DDF-EE86C571AA84}.Release|Any CPU.Build.0 = Release|Any CPU
		{DE2FFF7F-68CB-4A38-8DDF-EE86C571AA84}.Release|x86.ActiveCfg = Release|Any CPU
		{DE2FFF7F-68CB-4A38-8DDF-EE86C571AA84}.Release|x86.Build.0 = Release|Any CPU
		{E46ED6BF-87B1-41AD-A5AE-3B9AAB4E1336}.Debug|Any CPU.ActiveCfg = Debug|Any CPU
		{E46ED6BF-87B1-41AD-A5AE-3B9AAB4E1336}.Debug|Any CPU.Build.0 = Debug|Any CPU
		{E46ED6BF-87B1-41AD-A5AE-3B9AAB4E1336}.Debug|x86.ActiveCfg = Debug|Any CPU
		{E46ED6BF-87B1-41AD-A5AE-3B9AAB4E1336}.Debug|x86.Build.0 = Debug|Any CPU
		{E46ED6BF-87B1-41AD-A5AE-3B9AAB4E1336}.Release|Any CPU.ActiveCfg = Release|Any CPU
		{E46ED6BF-87B1-41AD-A5AE-3B9AAB4E1336}.Release|Any CPU.Build.0 = Release|Any CPU
		{E46ED6BF-87B1-41AD-A5AE-3B9AAB4E1336}.Release|x86.ActiveCfg = Release|Any CPU
		{E46ED6BF-87B1-41AD-A5AE-3B9AAB4E1336}.Release|x86.Build.0 = Release|Any CPU
		{B60FBE24-EFB8-4822-8817-E91B29DCE2B4}.Debug|Any CPU.ActiveCfg = Debug|Any CPU
		{B60FBE24-EFB8-4822-8817-E91B29DCE2B4}.Debug|Any CPU.Build.0 = Debug|Any CPU
		{B60FBE24-EFB8-4822-8817-E91B29DCE2B4}.Debug|x86.ActiveCfg = Debug|Any CPU
		{B60FBE24-EFB8-4822-8817-E91B29DCE2B4}.Debug|x86.Build.0 = Debug|Any CPU
		{B60FBE24-EFB8-4822-8817-E91B29DCE2B4}.Release|Any CPU.ActiveCfg = Release|Any CPU
		{B60FBE24-EFB8-4822-8817-E91B29DCE2B4}.Release|Any CPU.Build.0 = Release|Any CPU
		{B60FBE24-EFB8-4822-8817-E91B29DCE2B4}.Release|x86.ActiveCfg = Release|Any CPU
		{B60FBE24-EFB8-4822-8817-E91B29DCE2B4}.Release|x86.Build.0 = Release|Any CPU
		{9D140850-554F-4388-AC00-D5D8617A6C52}.Debug|Any CPU.ActiveCfg = Debug|Any CPU
		{9D140850-554F-4388-AC00-D5D8617A6C52}.Debug|Any CPU.Build.0 = Debug|Any CPU
		{9D140850-554F-4388-AC00-D5D8617A6C52}.Debug|x86.ActiveCfg = Debug|Any CPU
		{9D140850-554F-4388-AC00-D5D8617A6C52}.Debug|x86.Build.0 = Debug|Any CPU
		{9D140850-554F-4388-AC00-D5D8617A6C52}.Release|Any CPU.ActiveCfg = Release|Any CPU
		{9D140850-554F-4388-AC00-D5D8617A6C52}.Release|Any CPU.Build.0 = Release|Any CPU
		{9D140850-554F-4388-AC00-D5D8617A6C52}.Release|x86.ActiveCfg = Release|Any CPU
		{9D140850-554F-4388-AC00-D5D8617A6C52}.Release|x86.Build.0 = Release|Any CPU
		{1C68BE66-9C49-4856-AC6E-B4C1C0F08072}.Debug|Any CPU.ActiveCfg = Debug|Any CPU
		{1C68BE66-9C49-4856-AC6E-B4C1C0F08072}.Debug|Any CPU.Build.0 = Debug|Any CPU
		{1C68BE66-9C49-4856-AC6E-B4C1C0F08072}.Debug|x86.ActiveCfg = Debug|Any CPU
		{1C68BE66-9C49-4856-AC6E-B4C1C0F08072}.Debug|x86.Build.0 = Debug|Any CPU
		{1C68BE66-9C49-4856-AC6E-B4C1C0F08072}.Release|Any CPU.ActiveCfg = Release|Any CPU
		{1C68BE66-9C49-4856-AC6E-B4C1C0F08072}.Release|Any CPU.Build.0 = Release|Any CPU
		{1C68BE66-9C49-4856-AC6E-B4C1C0F08072}.Release|x86.ActiveCfg = Release|Any CPU
		{1C68BE66-9C49-4856-AC6E-B4C1C0F08072}.Release|x86.Build.0 = Release|Any CPU
		{250F3B09-C780-4700-A859-0EEF1BB49445}.Debug|Any CPU.ActiveCfg = Debug|Any CPU
		{250F3B09-C780-4700-A859-0EEF1BB49445}.Debug|Any CPU.Build.0 = Debug|Any CPU
		{250F3B09-C780-4700-A859-0EEF1BB49445}.Debug|x86.ActiveCfg = Debug|Any CPU
		{250F3B09-C780-4700-A859-0EEF1BB49445}.Debug|x86.Build.0 = Debug|Any CPU
		{250F3B09-C780-4700-A859-0EEF1BB49445}.Release|Any CPU.ActiveCfg = Release|Any CPU
		{250F3B09-C780-4700-A859-0EEF1BB49445}.Release|Any CPU.Build.0 = Release|Any CPU
		{250F3B09-C780-4700-A859-0EEF1BB49445}.Release|x86.ActiveCfg = Release|Any CPU
		{250F3B09-C780-4700-A859-0EEF1BB49445}.Release|x86.Build.0 = Release|Any CPU
		{B4A4C50D-A743-4E98-A445-BFFBECC20821}.Debug|Any CPU.ActiveCfg = Debug|Any CPU
		{B4A4C50D-A743-4E98-A445-BFFBECC20821}.Debug|Any CPU.Build.0 = Debug|Any CPU
		{B4A4C50D-A743-4E98-A445-BFFBECC20821}.Debug|x86.ActiveCfg = Debug|Any CPU
		{B4A4C50D-A743-4E98-A445-BFFBECC20821}.Debug|x86.Build.0 = Debug|Any CPU
		{B4A4C50D-A743-4E98-A445-BFFBECC20821}.Release|Any CPU.ActiveCfg = Release|Any CPU
		{B4A4C50D-A743-4E98-A445-BFFBECC20821}.Release|Any CPU.Build.0 = Release|Any CPU
		{B4A4C50D-A743-4E98-A445-BFFBECC20821}.Release|x86.ActiveCfg = Release|Any CPU
		{B4A4C50D-A743-4E98-A445-BFFBECC20821}.Release|x86.Build.0 = Release|Any CPU
		{500788B7-300F-4D71-A2CE-B3DA5CC9ED22}.Debug|Any CPU.ActiveCfg = Debug|Any CPU
		{500788B7-300F-4D71-A2CE-B3DA5CC9ED22}.Debug|Any CPU.Build.0 = Debug|Any CPU
		{500788B7-300F-4D71-A2CE-B3DA5CC9ED22}.Debug|x86.ActiveCfg = Debug|Any CPU
		{500788B7-300F-4D71-A2CE-B3DA5CC9ED22}.Debug|x86.Build.0 = Debug|Any CPU
		{500788B7-300F-4D71-A2CE-B3DA5CC9ED22}.Release|Any CPU.ActiveCfg = Release|Any CPU
		{500788B7-300F-4D71-A2CE-B3DA5CC9ED22}.Release|Any CPU.Build.0 = Release|Any CPU
		{500788B7-300F-4D71-A2CE-B3DA5CC9ED22}.Release|x86.ActiveCfg = Release|Any CPU
		{500788B7-300F-4D71-A2CE-B3DA5CC9ED22}.Release|x86.Build.0 = Release|Any CPU
		{A0F9D277-91D2-424A-A6B2-ED21B5F62BF9}.Debug|Any CPU.ActiveCfg = Debug|Any CPU
		{A0F9D277-91D2-424A-A6B2-ED21B5F62BF9}.Debug|Any CPU.Build.0 = Debug|Any CPU
		{A0F9D277-91D2-424A-A6B2-ED21B5F62BF9}.Debug|x86.ActiveCfg = Debug|Any CPU
		{A0F9D277-91D2-424A-A6B2-ED21B5F62BF9}.Debug|x86.Build.0 = Debug|Any CPU
		{A0F9D277-91D2-424A-A6B2-ED21B5F62BF9}.Release|Any CPU.ActiveCfg = Release|Any CPU
		{A0F9D277-91D2-424A-A6B2-ED21B5F62BF9}.Release|Any CPU.Build.0 = Release|Any CPU
		{A0F9D277-91D2-424A-A6B2-ED21B5F62BF9}.Release|x86.ActiveCfg = Release|Any CPU
		{A0F9D277-91D2-424A-A6B2-ED21B5F62BF9}.Release|x86.Build.0 = Release|Any CPU
		{F41AFEC5-DED2-4EB2-BACF-9F38CB3C7742}.Debug|Any CPU.ActiveCfg = Debug|Any CPU
		{F41AFEC5-DED2-4EB2-BACF-9F38CB3C7742}.Debug|Any CPU.Build.0 = Debug|Any CPU
		{F41AFEC5-DED2-4EB2-BACF-9F38CB3C7742}.Debug|x86.ActiveCfg = Debug|Any CPU
		{F41AFEC5-DED2-4EB2-BACF-9F38CB3C7742}.Debug|x86.Build.0 = Debug|Any CPU
		{F41AFEC5-DED2-4EB2-BACF-9F38CB3C7742}.Release|Any CPU.ActiveCfg = Release|Any CPU
		{F41AFEC5-DED2-4EB2-BACF-9F38CB3C7742}.Release|Any CPU.Build.0 = Release|Any CPU
		{F41AFEC5-DED2-4EB2-BACF-9F38CB3C7742}.Release|x86.ActiveCfg = Release|Any CPU
		{F41AFEC5-DED2-4EB2-BACF-9F38CB3C7742}.Release|x86.Build.0 = Release|Any CPU
		{3B9FFD61-76E2-49DD-91BA-67429F6928E4}.Debug|Any CPU.ActiveCfg = Debug|Any CPU
		{3B9FFD61-76E2-49DD-91BA-67429F6928E4}.Debug|Any CPU.Build.0 = Debug|Any CPU
		{3B9FFD61-76E2-49DD-91BA-67429F6928E4}.Debug|x86.ActiveCfg = Debug|Any CPU
		{3B9FFD61-76E2-49DD-91BA-67429F6928E4}.Debug|x86.Build.0 = Debug|Any CPU
		{3B9FFD61-76E2-49DD-91BA-67429F6928E4}.Release|Any CPU.ActiveCfg = Release|Any CPU
		{3B9FFD61-76E2-49DD-91BA-67429F6928E4}.Release|Any CPU.Build.0 = Release|Any CPU
		{3B9FFD61-76E2-49DD-91BA-67429F6928E4}.Release|x86.ActiveCfg = Release|Any CPU
		{3B9FFD61-76E2-49DD-91BA-67429F6928E4}.Release|x86.Build.0 = Release|Any CPU
		{9C74A9EE-B518-4190-959C-C6482D8311DA}.Debug|Any CPU.ActiveCfg = Debug|Any CPU
		{9C74A9EE-B518-4190-959C-C6482D8311DA}.Debug|Any CPU.Build.0 = Debug|Any CPU
		{9C74A9EE-B518-4190-959C-C6482D8311DA}.Debug|x86.ActiveCfg = Debug|Any CPU
		{9C74A9EE-B518-4190-959C-C6482D8311DA}.Debug|x86.Build.0 = Debug|Any CPU
		{9C74A9EE-B518-4190-959C-C6482D8311DA}.Release|Any CPU.ActiveCfg = Release|Any CPU
		{9C74A9EE-B518-4190-959C-C6482D8311DA}.Release|Any CPU.Build.0 = Release|Any CPU
		{9C74A9EE-B518-4190-959C-C6482D8311DA}.Release|x86.ActiveCfg = Release|Any CPU
		{9C74A9EE-B518-4190-959C-C6482D8311DA}.Release|x86.Build.0 = Release|Any CPU
		{0078DD94-7802-426A-8892-8F2F979AF2C8}.Debug|Any CPU.ActiveCfg = Debug|Any CPU
		{0078DD94-7802-426A-8892-8F2F979AF2C8}.Debug|Any CPU.Build.0 = Debug|Any CPU
		{0078DD94-7802-426A-8892-8F2F979AF2C8}.Debug|x86.ActiveCfg = Debug|Any CPU
		{0078DD94-7802-426A-8892-8F2F979AF2C8}.Debug|x86.Build.0 = Debug|Any CPU
		{0078DD94-7802-426A-8892-8F2F979AF2C8}.Release|Any CPU.ActiveCfg = Release|Any CPU
		{0078DD94-7802-426A-8892-8F2F979AF2C8}.Release|Any CPU.Build.0 = Release|Any CPU
		{0078DD94-7802-426A-8892-8F2F979AF2C8}.Release|x86.ActiveCfg = Release|Any CPU
		{0078DD94-7802-426A-8892-8F2F979AF2C8}.Release|x86.Build.0 = Release|Any CPU
		{12C74BDB-D95A-422F-8F4F-453A24106874}.Debug|Any CPU.ActiveCfg = Debug|Any CPU
		{12C74BDB-D95A-422F-8F4F-453A24106874}.Debug|Any CPU.Build.0 = Debug|Any CPU
		{12C74BDB-D95A-422F-8F4F-453A24106874}.Debug|x86.ActiveCfg = Debug|Any CPU
		{12C74BDB-D95A-422F-8F4F-453A24106874}.Debug|x86.Build.0 = Debug|Any CPU
		{12C74BDB-D95A-422F-8F4F-453A24106874}.Release|Any CPU.ActiveCfg = Release|Any CPU
		{12C74BDB-D95A-422F-8F4F-453A24106874}.Release|Any CPU.Build.0 = Release|Any CPU
		{12C74BDB-D95A-422F-8F4F-453A24106874}.Release|x86.ActiveCfg = Release|Any CPU
		{12C74BDB-D95A-422F-8F4F-453A24106874}.Release|x86.Build.0 = Release|Any CPU
		{255047E7-2BE3-477E-B049-9F09CAF4B932}.Debug|Any CPU.ActiveCfg = Debug|Any CPU
		{255047E7-2BE3-477E-B049-9F09CAF4B932}.Debug|Any CPU.Build.0 = Debug|Any CPU
		{255047E7-2BE3-477E-B049-9F09CAF4B932}.Debug|x86.ActiveCfg = Debug|Any CPU
		{255047E7-2BE3-477E-B049-9F09CAF4B932}.Debug|x86.Build.0 = Debug|Any CPU
		{255047E7-2BE3-477E-B049-9F09CAF4B932}.Release|Any CPU.ActiveCfg = Release|Any CPU
		{255047E7-2BE3-477E-B049-9F09CAF4B932}.Release|Any CPU.Build.0 = Release|Any CPU
		{255047E7-2BE3-477E-B049-9F09CAF4B932}.Release|x86.ActiveCfg = Release|Any CPU
		{255047E7-2BE3-477E-B049-9F09CAF4B932}.Release|x86.Build.0 = Release|Any CPU
		{6A3C06CC-0123-43EA-8B31-AA292F4D275D}.Debug|Any CPU.ActiveCfg = Debug|Any CPU
		{6A3C06CC-0123-43EA-8B31-AA292F4D275D}.Debug|Any CPU.Build.0 = Debug|Any CPU
		{6A3C06CC-0123-43EA-8B31-AA292F4D275D}.Debug|x86.ActiveCfg = Debug|Any CPU
		{6A3C06CC-0123-43EA-8B31-AA292F4D275D}.Debug|x86.Build.0 = Debug|Any CPU
		{6A3C06CC-0123-43EA-8B31-AA292F4D275D}.Release|Any CPU.ActiveCfg = Release|Any CPU
		{6A3C06CC-0123-43EA-8B31-AA292F4D275D}.Release|Any CPU.Build.0 = Release|Any CPU
		{6A3C06CC-0123-43EA-8B31-AA292F4D275D}.Release|x86.ActiveCfg = Release|Any CPU
		{6A3C06CC-0123-43EA-8B31-AA292F4D275D}.Release|x86.Build.0 = Release|Any CPU
		{F8373DA0-08DB-474F-B6FD-1CB9D9EC7CCE}.Debug|Any CPU.ActiveCfg = Debug|Any CPU
		{F8373DA0-08DB-474F-B6FD-1CB9D9EC7CCE}.Debug|Any CPU.Build.0 = Debug|Any CPU
		{F8373DA0-08DB-474F-B6FD-1CB9D9EC7CCE}.Debug|x86.ActiveCfg = Debug|Any CPU
		{F8373DA0-08DB-474F-B6FD-1CB9D9EC7CCE}.Debug|x86.Build.0 = Debug|Any CPU
		{F8373DA0-08DB-474F-B6FD-1CB9D9EC7CCE}.Release|Any CPU.ActiveCfg = Release|Any CPU
		{F8373DA0-08DB-474F-B6FD-1CB9D9EC7CCE}.Release|Any CPU.Build.0 = Release|Any CPU
		{F8373DA0-08DB-474F-B6FD-1CB9D9EC7CCE}.Release|x86.ActiveCfg = Release|Any CPU
		{F8373DA0-08DB-474F-B6FD-1CB9D9EC7CCE}.Release|x86.Build.0 = Release|Any CPU
		{76905912-8994-4D6F-9F80-838B224E9D8A}.Debug|Any CPU.ActiveCfg = Debug|Any CPU
		{76905912-8994-4D6F-9F80-838B224E9D8A}.Debug|Any CPU.Build.0 = Debug|Any CPU
		{76905912-8994-4D6F-9F80-838B224E9D8A}.Debug|x86.ActiveCfg = Debug|Any CPU
		{76905912-8994-4D6F-9F80-838B224E9D8A}.Debug|x86.Build.0 = Debug|Any CPU
		{76905912-8994-4D6F-9F80-838B224E9D8A}.Release|Any CPU.ActiveCfg = Release|Any CPU
		{76905912-8994-4D6F-9F80-838B224E9D8A}.Release|Any CPU.Build.0 = Release|Any CPU
		{76905912-8994-4D6F-9F80-838B224E9D8A}.Release|x86.ActiveCfg = Release|Any CPU
		{76905912-8994-4D6F-9F80-838B224E9D8A}.Release|x86.Build.0 = Release|Any CPU
		{B109552D-E727-4410-A145-BB935A51DFC1}.Debug|Any CPU.ActiveCfg = Debug|Any CPU
		{B109552D-E727-4410-A145-BB935A51DFC1}.Debug|Any CPU.Build.0 = Debug|Any CPU
		{B109552D-E727-4410-A145-BB935A51DFC1}.Debug|x86.ActiveCfg = Debug|Any CPU
		{B109552D-E727-4410-A145-BB935A51DFC1}.Debug|x86.Build.0 = Debug|Any CPU
		{B109552D-E727-4410-A145-BB935A51DFC1}.Release|Any CPU.ActiveCfg = Release|Any CPU
		{B109552D-E727-4410-A145-BB935A51DFC1}.Release|Any CPU.Build.0 = Release|Any CPU
		{B109552D-E727-4410-A145-BB935A51DFC1}.Release|x86.ActiveCfg = Release|Any CPU
		{B109552D-E727-4410-A145-BB935A51DFC1}.Release|x86.Build.0 = Release|Any CPU
		{D1B4C890-7456-4BFD-8032-11D5FC84E3D4}.Debug|Any CPU.ActiveCfg = Debug|Any CPU
		{D1B4C890-7456-4BFD-8032-11D5FC84E3D4}.Debug|Any CPU.Build.0 = Debug|Any CPU
		{D1B4C890-7456-4BFD-8032-11D5FC84E3D4}.Debug|x86.ActiveCfg = Debug|Any CPU
		{D1B4C890-7456-4BFD-8032-11D5FC84E3D4}.Debug|x86.Build.0 = Debug|Any CPU
		{D1B4C890-7456-4BFD-8032-11D5FC84E3D4}.Release|Any CPU.ActiveCfg = Release|Any CPU
		{D1B4C890-7456-4BFD-8032-11D5FC84E3D4}.Release|Any CPU.Build.0 = Release|Any CPU
		{D1B4C890-7456-4BFD-8032-11D5FC84E3D4}.Release|x86.ActiveCfg = Release|Any CPU
		{D1B4C890-7456-4BFD-8032-11D5FC84E3D4}.Release|x86.Build.0 = Release|Any CPU
		{E914F335-C208-4B00-AEC7-75E5BD587239}.Debug|Any CPU.ActiveCfg = Debug|Any CPU
		{E914F335-C208-4B00-AEC7-75E5BD587239}.Debug|Any CPU.Build.0 = Debug|Any CPU
		{E914F335-C208-4B00-AEC7-75E5BD587239}.Debug|x86.ActiveCfg = Debug|Any CPU
		{E914F335-C208-4B00-AEC7-75E5BD587239}.Debug|x86.Build.0 = Debug|Any CPU
		{E914F335-C208-4B00-AEC7-75E5BD587239}.Release|Any CPU.ActiveCfg = Release|Any CPU
		{E914F335-C208-4B00-AEC7-75E5BD587239}.Release|Any CPU.Build.0 = Release|Any CPU
		{E914F335-C208-4B00-AEC7-75E5BD587239}.Release|x86.ActiveCfg = Release|Any CPU
		{E914F335-C208-4B00-AEC7-75E5BD587239}.Release|x86.Build.0 = Release|Any CPU
		{CCC25887-55F4-4DB2-A644-A51CD94BC804}.Debug|Any CPU.ActiveCfg = Debug|Any CPU
		{CCC25887-55F4-4DB2-A644-A51CD94BC804}.Debug|Any CPU.Build.0 = Debug|Any CPU
		{CCC25887-55F4-4DB2-A644-A51CD94BC804}.Debug|x86.ActiveCfg = Debug|Any CPU
		{CCC25887-55F4-4DB2-A644-A51CD94BC804}.Debug|x86.Build.0 = Debug|Any CPU
		{CCC25887-55F4-4DB2-A644-A51CD94BC804}.Release|Any CPU.ActiveCfg = Release|Any CPU
		{CCC25887-55F4-4DB2-A644-A51CD94BC804}.Release|Any CPU.Build.0 = Release|Any CPU
		{CCC25887-55F4-4DB2-A644-A51CD94BC804}.Release|x86.ActiveCfg = Release|Any CPU
		{CCC25887-55F4-4DB2-A644-A51CD94BC804}.Release|x86.Build.0 = Release|Any CPU
		{E458F70C-6DE3-4B79-ABFD-007CC39A9B0C}.Debug|Any CPU.ActiveCfg = Debug|Any CPU
		{E458F70C-6DE3-4B79-ABFD-007CC39A9B0C}.Debug|Any CPU.Build.0 = Debug|Any CPU
		{E458F70C-6DE3-4B79-ABFD-007CC39A9B0C}.Debug|x86.ActiveCfg = Debug|Any CPU
		{E458F70C-6DE3-4B79-ABFD-007CC39A9B0C}.Debug|x86.Build.0 = Debug|Any CPU
		{E458F70C-6DE3-4B79-ABFD-007CC39A9B0C}.Release|Any CPU.ActiveCfg = Release|Any CPU
		{E458F70C-6DE3-4B79-ABFD-007CC39A9B0C}.Release|Any CPU.Build.0 = Release|Any CPU
		{E458F70C-6DE3-4B79-ABFD-007CC39A9B0C}.Release|x86.ActiveCfg = Release|Any CPU
		{E458F70C-6DE3-4B79-ABFD-007CC39A9B0C}.Release|x86.Build.0 = Release|Any CPU
		{D95D4BEA-BEA6-4073-BDF1-DB5CE7EBC92D}.Debug|Any CPU.ActiveCfg = Debug|Any CPU
		{D95D4BEA-BEA6-4073-BDF1-DB5CE7EBC92D}.Debug|Any CPU.Build.0 = Debug|Any CPU
		{D95D4BEA-BEA6-4073-BDF1-DB5CE7EBC92D}.Debug|x86.ActiveCfg = Debug|Any CPU
		{D95D4BEA-BEA6-4073-BDF1-DB5CE7EBC92D}.Debug|x86.Build.0 = Debug|Any CPU
		{D95D4BEA-BEA6-4073-BDF1-DB5CE7EBC92D}.Release|Any CPU.ActiveCfg = Release|Any CPU
		{D95D4BEA-BEA6-4073-BDF1-DB5CE7EBC92D}.Release|Any CPU.Build.0 = Release|Any CPU
		{D95D4BEA-BEA6-4073-BDF1-DB5CE7EBC92D}.Release|x86.ActiveCfg = Release|Any CPU
		{D95D4BEA-BEA6-4073-BDF1-DB5CE7EBC92D}.Release|x86.Build.0 = Release|Any CPU
		{DACBA0CF-E8F0-42E8-AD9E-BAA977E130D7}.Debug|Any CPU.ActiveCfg = Debug|Any CPU
		{DACBA0CF-E8F0-42E8-AD9E-BAA977E130D7}.Debug|Any CPU.Build.0 = Debug|Any CPU
		{DACBA0CF-E8F0-42E8-AD9E-BAA977E130D7}.Debug|x86.ActiveCfg = Debug|Any CPU
		{DACBA0CF-E8F0-42E8-AD9E-BAA977E130D7}.Debug|x86.Build.0 = Debug|Any CPU
		{DACBA0CF-E8F0-42E8-AD9E-BAA977E130D7}.Release|Any CPU.ActiveCfg = Release|Any CPU
		{DACBA0CF-E8F0-42E8-AD9E-BAA977E130D7}.Release|Any CPU.Build.0 = Release|Any CPU
		{DACBA0CF-E8F0-42E8-AD9E-BAA977E130D7}.Release|x86.ActiveCfg = Release|Any CPU
		{DACBA0CF-E8F0-42E8-AD9E-BAA977E130D7}.Release|x86.Build.0 = Release|Any CPU
		{C68021A5-BDF6-4769-B980-5EA73AC48396}.Debug|Any CPU.ActiveCfg = Debug|x86
		{C68021A5-BDF6-4769-B980-5EA73AC48396}.Debug|x86.ActiveCfg = Debug|x86
		{C68021A5-BDF6-4769-B980-5EA73AC48396}.Debug|x86.Build.0 = Debug|x86
		{C68021A5-BDF6-4769-B980-5EA73AC48396}.Release|Any CPU.ActiveCfg = Release|x86
		{C68021A5-BDF6-4769-B980-5EA73AC48396}.Release|x86.ActiveCfg = Release|x86
		{C68021A5-BDF6-4769-B980-5EA73AC48396}.Release|x86.Build.0 = Release|x86
		{A6BDA376-AC59-49D0-96CF-F0B7ACAFFADC}.Debug|Any CPU.ActiveCfg = Debug|Any CPU
		{A6BDA376-AC59-49D0-96CF-F0B7ACAFFADC}.Debug|Any CPU.Build.0 = Debug|Any CPU
		{A6BDA376-AC59-49D0-96CF-F0B7ACAFFADC}.Debug|x86.ActiveCfg = Debug|Any CPU
		{A6BDA376-AC59-49D0-96CF-F0B7ACAFFADC}.Debug|x86.Build.0 = Debug|Any CPU
		{A6BDA376-AC59-49D0-96CF-F0B7ACAFFADC}.Release|Any CPU.ActiveCfg = Release|Any CPU
		{A6BDA376-AC59-49D0-96CF-F0B7ACAFFADC}.Release|Any CPU.Build.0 = Release|Any CPU
		{A6BDA376-AC59-49D0-96CF-F0B7ACAFFADC}.Release|x86.ActiveCfg = Release|Any CPU
		{A6BDA376-AC59-49D0-96CF-F0B7ACAFFADC}.Release|x86.Build.0 = Release|Any CPU
		{9B13C3ED-D81C-40AC-828D-62EC0BA958AE}.Debug|Any CPU.ActiveCfg = Debug|x86
		{9B13C3ED-D81C-40AC-828D-62EC0BA958AE}.Debug|x86.ActiveCfg = Debug|x86
		{9B13C3ED-D81C-40AC-828D-62EC0BA958AE}.Debug|x86.Build.0 = Debug|x86
		{9B13C3ED-D81C-40AC-828D-62EC0BA958AE}.Release|Any CPU.ActiveCfg = Release|x86
		{9B13C3ED-D81C-40AC-828D-62EC0BA958AE}.Release|x86.ActiveCfg = Release|x86
		{9B13C3ED-D81C-40AC-828D-62EC0BA958AE}.Release|x86.Build.0 = Release|x86
	EndGlobalSection
	GlobalSection(SolutionProperties) = preSolution
		HideSolutionNode = FALSE
	EndGlobalSection
	GlobalSection(NestedProjects) = preSolution
		{489A24A3-917F-4A9A-B0D2-B68D7FFE1A4D} = {D059EEE0-F3C3-4433-BD06-1C9408B61F51}
		{1BFB3BB5-3FC1-492F-BEDA-45F0C07CE248} = {D059EEE0-F3C3-4433-BD06-1C9408B61F51}
		{6E3302A5-8697-43D2-9F8D-C23426EAC474} = {D059EEE0-F3C3-4433-BD06-1C9408B61F51}
		{4E63AAB6-6D5C-47C5-9913-7658CF8741CC} = {AFA5B06A-A25F-4F40-BBF7-37673ACCC54B}
		{DE2FFF7F-68CB-4A38-8DDF-EE86C571AA84} = {AFA5B06A-A25F-4F40-BBF7-37673ACCC54B}
		{B60FBE24-EFB8-4822-8817-E91B29DCE2B4} = {AFA5B06A-A25F-4F40-BBF7-37673ACCC54B}
		{9D140850-554F-4388-AC00-D5D8617A6C52} = {AFA5B06A-A25F-4F40-BBF7-37673ACCC54B}
		{1C68BE66-9C49-4856-AC6E-B4C1C0F08072} = {AFA5B06A-A25F-4F40-BBF7-37673ACCC54B}
		{B4A4C50D-A743-4E98-A445-BFFBECC20821} = {AFA5B06A-A25F-4F40-BBF7-37673ACCC54B}
		{500788B7-300F-4D71-A2CE-B3DA5CC9ED22} = {AFA5B06A-A25F-4F40-BBF7-37673ACCC54B}
		{A0F9D277-91D2-424A-A6B2-ED21B5F62BF9} = {AFA5B06A-A25F-4F40-BBF7-37673ACCC54B}
		{F41AFEC5-DED2-4EB2-BACF-9F38CB3C7742} = {AFA5B06A-A25F-4F40-BBF7-37673ACCC54B}
		{3B9FFD61-76E2-49DD-91BA-67429F6928E4} = {AFA5B06A-A25F-4F40-BBF7-37673ACCC54B}
		{9C74A9EE-B518-4190-959C-C6482D8311DA} = {AFA5B06A-A25F-4F40-BBF7-37673ACCC54B}
		{0078DD94-7802-426A-8892-8F2F979AF2C8} = {AFA5B06A-A25F-4F40-BBF7-37673ACCC54B}
		{F8373DA0-08DB-474F-B6FD-1CB9D9EC7CCE} = {AFA5B06A-A25F-4F40-BBF7-37673ACCC54B}
		{76905912-8994-4D6F-9F80-838B224E9D8A} = {AFA5B06A-A25F-4F40-BBF7-37673ACCC54B}
		{B109552D-E727-4410-A145-BB935A51DFC1} = {AFA5B06A-A25F-4F40-BBF7-37673ACCC54B}
		{D95D4BEA-BEA6-4073-BDF1-DB5CE7EBC92D} = {76FF98B9-61CC-4BCA-B0F5-38DCA3FD3869}
		{DACBA0CF-E8F0-42E8-AD9E-BAA977E130D7} = {76FF98B9-61CC-4BCA-B0F5-38DCA3FD3869}
		{C68021A5-BDF6-4769-B980-5EA73AC48396} = {76FF98B9-61CC-4BCA-B0F5-38DCA3FD3869}
		{A6BDA376-AC59-49D0-96CF-F0B7ACAFFADC} = {AFA5B06A-A25F-4F40-BBF7-37673ACCC54B}
		{9B13C3ED-D81C-40AC-828D-62EC0BA958AE} = {AFA5B06A-A25F-4F40-BBF7-37673ACCC54B}
	EndGlobalSection
	GlobalSection(ExtensibilityGlobals) = postSolution
		SolutionGuid = {E0ED5A58-CA70-4735-AF02-5956893DF1C6}
	EndGlobalSection
EndGlobal
