
Microsoft Visual Studio Solution File, Format Version 11.00
# Visual Studio 2010
Project("{FAE04EC0-301F-11D3-BF4B-00C04F79EFBC}") = "Winform3-文本框和label", "Winform3-文本框TextBox和标签Label\Winform3-文本框和label.csproj", "{004E41D9-B5C8-493B-AC6E-7D40AF1C8DEA}"
EndProject
Project("{FAE04EC0-301F-11D3-BF4B-00C04F79EFBC}") = "Winform4-Timer", "Winform4-Timer\Winform4-Timer.csproj", "{5B01EC82-3BCD-400D-A5C9-A4E70C6BD835}"
EndProject
Project("{FAE04EC0-301F-11D3-BF4B-00C04F79EFBC}") = "Winform4-Timer练习-闹钟", "Winform4-Timer练习-闹钟\Winform4-Timer练习-闹钟.csproj", "{8E4FA33E-C2E9-42B0-B402-B54A923D40E1}"
EndProject
Project("{FAE04EC0-301F-11D3-BF4B-00C04F79EFBC}") = "Winform5-记事本", "Winform5-记事本\Winform5-记事本.csproj", "{C1DB60C2-7724-4707-B96F-0225DD49C0C6}"
EndProject
Project("{FAE04EC0-301F-11D3-BF4B-00C04F79EFBC}") = "Winform6-单选框和多选框", "Winform6-单选框和多选框\Winform6-单选框和多选框.csproj", "{9FEE704C-81CB-4AD2-B306-ED827C689E45}"
EndProject
Project("{FAE04EC0-301F-11D3-BF4B-00C04F79EFBC}") = "WInform6-单选框练习", "WInform6-单选框练习\WInform6-单选框练习.csproj", "{97602AD2-C562-499C-9484-8AA1BF8DBAF3}"
EndProject
Project("{FAE04EC0-301F-11D3-BF4B-00C04F79EFBC}") = "Winform7-MDI窗体", "Winform7-MDI窗体\Winform7-MDI窗体.csproj", "{EA50CCC6-86C7-4DA7-9FA8-8159D949EE3F}"
EndProject
Project("{FAE04EC0-301F-11D3-BF4B-00C04F79EFBC}") = "Winform10-WebBrowser控件", "Winform10-WebBrower控件\Winform10-WebBrowser控件.csproj", "{3DF9ADEF-7AD6-455D-BD17-3993E7D10C37}"
EndProject
Project("{FAE04EC0-301F-11D3-BF4B-00C04F79EFBC}") = "Winform11-ListBox控件", "Winform11-ListBox控件\Winform11-ListBox控件.csproj", "{7AE4FCF0-3D38-4A86-8896-C21FDDB6DE8E}"
EndProject
Project("{FAE04EC0-301F-11D3-BF4B-00C04F79EFBC}") = "Winform9-ComboBox控件", "Winform9-ComboBox控件\Winform9-ComboBox控件.csproj", "{C3B034F4-323D-4711-977C-E928D0671241}"
EndProject
Project("{FAE04EC0-301F-11D3-BF4B-00C04F79EFBC}") = "Winform2-MouseEnter练习", "Winform2-MouseEnter练习\Winform-MouseEnter练习\Winform2-MouseEnter练习.csproj", "{6694E4F7-F1B7-4446-8874-A339007B3D05}"
EndProject
Project("{FAE04EC0-301F-11D3-BF4B-00C04F79EFBC}") = "Winform8-PictureBox-照片翻页", "Winform8-PictureBox-照片翻页\Winform8-PictureBox-照片翻页.csproj", "{6938ABA8-4494-4DE5-A8C3-8D55A6A42980}"
EndProject
Project("{FAE04EC0-301F-11D3-BF4B-00C04F79EFBC}") = "Winform13-面向对象在winform中使用-石头剪刀布", "Winform13-面向对象在winform中使用-石头剪刀布\Winform13-面向对象在winform中使用-石头剪刀布\Winform13-面向对象在winform中使用-石头剪刀布.csproj", "{170BB116-D216-419E-9CB1-57F34F2C841A}"
EndProject
Project("{FAE04EC0-301F-11D3-BF4B-00C04F79EFBC}") = "Winform13-文件对话框", "Winform13-文件对话框\Winform13-文件对话框.csproj", "{4E206CE5-75DC-4B14-876F-81D601D5C86D}"
EndProject
Project("{FAE04EC0-301F-11D3-BF4B-00C04F79EFBC}") = "Winform14-完整记事本", "Winform14-完整记事本\Winform14-完整记事本.csproj", "{D199D9E0-C174-4928-8A9A-40A0AAE6B35D}"
EndProject
Project("{FAE04EC0-301F-11D3-BF4B-00C04F79EFBC}") = "Winform1", "Winform1-初识\Winform-1\Winform1.csproj", "{3D873FB6-2A49-43BD-81F5-B11DBE318527}"
EndProject
Project("{FAE04EC0-301F-11D3-BF4B-00C04F79EFBC}") = "WinForm-GDI_初识", "WinForm-GDI_初识\WinForm-GDI_初识.csproj", "{30BF7A9B-777E-4AD0-A42A-2795E728EACC}"
EndProject
Project("{FAE04EC0-301F-11D3-BF4B-00C04F79EFBC}") = "WinForm-GDI_验证码", "WinForm-GDI_验证码\WinForm-GDI_验证码\WinForm-GDI_验证码.csproj", "{B10C462F-860E-4662-A867-61C519D8379F}"
EndProject
Project("{2150E333-8FDC-42A3-9474-1A3956D46DE8}") = "线程和进程", "线程和进程", "{D059EEE0-F3C3-4433-BD06-1C9408B61F51}"
EndProject
Project("{FAE04EC0-301F-11D3-BF4B-00C04F79EFBC}") = "001进程", "线程和进程\001进程\001进程.csproj", "{489A24A3-917F-4A9A-B0D2-B68D7FFE1A4D}"
EndProject
Project("{FAE04EC0-301F-11D3-BF4B-00C04F79EFBC}") = "002线程", "线程和进程\002线程\002线程.csproj", "{1BFB3BB5-3FC1-492F-BEDA-45F0C07CE248}"
EndProject
Project("{FAE04EC0-301F-11D3-BF4B-00C04F79EFBC}") = "002线程-摇奖机", "线程和进程\002线程-摇奖机\002线程-摇奖机.csproj", "{6E3302A5-8697-43D2-9F8D-C23426EAC474}"
EndProject
Project("{FAE04EC0-301F-11D3-BF4B-00C04F79EFBC}") = "Winform-15-单例模式", "Winform-15-单例模式\Winform-15-单例模式.csproj", "{D6BB89AB-36F7-437F-8837-FD7BA37C2766}"
EndProject
Global
	GlobalSection(SolutionConfigurationPlatforms) = preSolution
		Debug|x86 = Debug|x86
		Release|x86 = Release|x86
	EndGlobalSection
	GlobalSection(ProjectConfigurationPlatforms) = postSolution
		{004E41D9-B5C8-493B-AC6E-7D40AF1C8DEA}.Debug|x86.ActiveCfg = Debug|x86
		{004E41D9-B5C8-493B-AC6E-7D40AF1C8DEA}.Debug|x86.Build.0 = Debug|x86
		{004E41D9-B5C8-493B-AC6E-7D40AF1C8DEA}.Release|x86.ActiveCfg = Release|x86
		{004E41D9-B5C8-493B-AC6E-7D40AF1C8DEA}.Release|x86.Build.0 = Release|x86
		{5B01EC82-3BCD-400D-A5C9-A4E70C6BD835}.Debug|x86.ActiveCfg = Debug|x86
		{5B01EC82-3BCD-400D-A5C9-A4E70C6BD835}.Debug|x86.Build.0 = Debug|x86
		{5B01EC82-3BCD-400D-A5C9-A4E70C6BD835}.Release|x86.ActiveCfg = Release|x86
		{5B01EC82-3BCD-400D-A5C9-A4E70C6BD835}.Release|x86.Build.0 = Release|x86
		{8E4FA33E-C2E9-42B0-B402-B54A923D40E1}.Debug|x86.ActiveCfg = Debug|x86
		{8E4FA33E-C2E9-42B0-B402-B54A923D40E1}.Debug|x86.Build.0 = Debug|x86
		{8E4FA33E-C2E9-42B0-B402-B54A923D40E1}.Release|x86.ActiveCfg = Release|x86
		{8E4FA33E-C2E9-42B0-B402-B54A923D40E1}.Release|x86.Build.0 = Release|x86
		{C1DB60C2-7724-4707-B96F-0225DD49C0C6}.Debug|x86.ActiveCfg = Debug|x86
		{C1DB60C2-7724-4707-B96F-0225DD49C0C6}.Debug|x86.Build.0 = Debug|x86
		{C1DB60C2-7724-4707-B96F-0225DD49C0C6}.Release|x86.ActiveCfg = Release|x86
		{C1DB60C2-7724-4707-B96F-0225DD49C0C6}.Release|x86.Build.0 = Release|x86
		{9FEE704C-81CB-4AD2-B306-ED827C689E45}.Debug|x86.ActiveCfg = Debug|x86
		{9FEE704C-81CB-4AD2-B306-ED827C689E45}.Debug|x86.Build.0 = Debug|x86
		{9FEE704C-81CB-4AD2-B306-ED827C689E45}.Release|x86.ActiveCfg = Release|x86
		{9FEE704C-81CB-4AD2-B306-ED827C689E45}.Release|x86.Build.0 = Release|x86
		{97602AD2-C562-499C-9484-8AA1BF8DBAF3}.Debug|x86.ActiveCfg = Debug|x86
		{97602AD2-C562-499C-9484-8AA1BF8DBAF3}.Debug|x86.Build.0 = Debug|x86
		{97602AD2-C562-499C-9484-8AA1BF8DBAF3}.Release|x86.ActiveCfg = Release|x86
		{97602AD2-C562-499C-9484-8AA1BF8DBAF3}.Release|x86.Build.0 = Release|x86
		{EA50CCC6-86C7-4DA7-9FA8-8159D949EE3F}.Debug|x86.ActiveCfg = Debug|x86
		{EA50CCC6-86C7-4DA7-9FA8-8159D949EE3F}.Debug|x86.Build.0 = Debug|x86
		{EA50CCC6-86C7-4DA7-9FA8-8159D949EE3F}.Release|x86.ActiveCfg = Release|x86
		{EA50CCC6-86C7-4DA7-9FA8-8159D949EE3F}.Release|x86.Build.0 = Release|x86
		{3DF9ADEF-7AD6-455D-BD17-3993E7D10C37}.Debug|x86.ActiveCfg = Debug|x86
		{3DF9ADEF-7AD6-455D-BD17-3993E7D10C37}.Debug|x86.Build.0 = Debug|x86
		{3DF9ADEF-7AD6-455D-BD17-3993E7D10C37}.Release|x86.ActiveCfg = Release|x86
		{3DF9ADEF-7AD6-455D-BD17-3993E7D10C37}.Release|x86.Build.0 = Release|x86
		{7AE4FCF0-3D38-4A86-8896-C21FDDB6DE8E}.Debug|x86.ActiveCfg = Debug|x86
		{7AE4FCF0-3D38-4A86-8896-C21FDDB6DE8E}.Debug|x86.Build.0 = Debug|x86
		{7AE4FCF0-3D38-4A86-8896-C21FDDB6DE8E}.Release|x86.ActiveCfg = Release|x86
		{7AE4FCF0-3D38-4A86-8896-C21FDDB6DE8E}.Release|x86.Build.0 = Release|x86
		{C3B034F4-323D-4711-977C-E928D0671241}.Debug|x86.ActiveCfg = Debug|x86
		{C3B034F4-323D-4711-977C-E928D0671241}.Debug|x86.Build.0 = Debug|x86
		{C3B034F4-323D-4711-977C-E928D0671241}.Release|x86.ActiveCfg = Release|x86
		{C3B034F4-323D-4711-977C-E928D0671241}.Release|x86.Build.0 = Release|x86
		{6694E4F7-F1B7-4446-8874-A339007B3D05}.Debug|x86.ActiveCfg = Debug|x86
		{6694E4F7-F1B7-4446-8874-A339007B3D05}.Debug|x86.Build.0 = Debug|x86
		{6694E4F7-F1B7-4446-8874-A339007B3D05}.Release|x86.ActiveCfg = Release|x86
		{6694E4F7-F1B7-4446-8874-A339007B3D05}.Release|x86.Build.0 = Release|x86
		{6938ABA8-4494-4DE5-A8C3-8D55A6A42980}.Debug|x86.ActiveCfg = Debug|x86
		{6938ABA8-4494-4DE5-A8C3-8D55A6A42980}.Debug|x86.Build.0 = Debug|x86
		{6938ABA8-4494-4DE5-A8C3-8D55A6A42980}.Release|x86.ActiveCfg = Release|x86
		{6938ABA8-4494-4DE5-A8C3-8D55A6A42980}.Release|x86.Build.0 = Release|x86
		{170BB116-D216-419E-9CB1-57F34F2C841A}.Debug|x86.ActiveCfg = Debug|x86
		{170BB116-D216-419E-9CB1-57F34F2C841A}.Debug|x86.Build.0 = Debug|x86
		{170BB116-D216-419E-9CB1-57F34F2C841A}.Release|x86.ActiveCfg = Release|x86
		{170BB116-D216-419E-9CB1-57F34F2C841A}.Release|x86.Build.0 = Release|x86
		{4E206CE5-75DC-4B14-876F-81D601D5C86D}.Debug|x86.ActiveCfg = Debug|x86
		{4E206CE5-75DC-4B14-876F-81D601D5C86D}.Debug|x86.Build.0 = Debug|x86
		{4E206CE5-75DC-4B14-876F-81D601D5C86D}.Release|x86.ActiveCfg = Release|x86
		{4E206CE5-75DC-4B14-876F-81D601D5C86D}.Release|x86.Build.0 = Release|x86
		{D199D9E0-C174-4928-8A9A-40A0AAE6B35D}.Debug|x86.ActiveCfg = Debug|x86
		{D199D9E0-C174-4928-8A9A-40A0AAE6B35D}.Debug|x86.Build.0 = Debug|x86
		{D199D9E0-C174-4928-8A9A-40A0AAE6B35D}.Release|x86.ActiveCfg = Release|x86
		{D199D9E0-C174-4928-8A9A-40A0AAE6B35D}.Release|x86.Build.0 = Release|x86
		{3D873FB6-2A49-43BD-81F5-B11DBE318527}.Debug|x86.ActiveCfg = Debug|x86
		{3D873FB6-2A49-43BD-81F5-B11DBE318527}.Debug|x86.Build.0 = Debug|x86
		{3D873FB6-2A49-43BD-81F5-B11DBE318527}.Release|x86.ActiveCfg = Release|x86
		{3D873FB6-2A49-43BD-81F5-B11DBE318527}.Release|x86.Build.0 = Release|x86
		{30BF7A9B-777E-4AD0-A42A-2795E728EACC}.Debug|x86.ActiveCfg = Debug|x86
		{30BF7A9B-777E-4AD0-A42A-2795E728EACC}.Debug|x86.Build.0 = Debug|x86
		{30BF7A9B-777E-4AD0-A42A-2795E728EACC}.Release|x86.ActiveCfg = Release|x86
		{30BF7A9B-777E-4AD0-A42A-2795E728EACC}.Release|x86.Build.0 = Release|x86
		{B10C462F-860E-4662-A867-61C519D8379F}.Debug|x86.ActiveCfg = Debug|x86
		{B10C462F-860E-4662-A867-61C519D8379F}.Debug|x86.Build.0 = Debug|x86
		{B10C462F-860E-4662-A867-61C519D8379F}.Release|x86.ActiveCfg = Release|x86
		{B10C462F-860E-4662-A867-61C519D8379F}.Release|x86.Build.0 = Release|x86
		{489A24A3-917F-4A9A-B0D2-B68D7FFE1A4D}.Debug|x86.ActiveCfg = Debug|x86
		{489A24A3-917F-4A9A-B0D2-B68D7FFE1A4D}.Debug|x86.Build.0 = Debug|x86
		{489A24A3-917F-4A9A-B0D2-B68D7FFE1A4D}.Release|x86.ActiveCfg = Release|x86
		{489A24A3-917F-4A9A-B0D2-B68D7FFE1A4D}.Release|x86.Build.0 = Release|x86
		{1BFB3BB5-3FC1-492F-BEDA-45F0C07CE248}.Debug|x86.ActiveCfg = Debug|x86
		{1BFB3BB5-3FC1-492F-BEDA-45F0C07CE248}.Debug|x86.Build.0 = Debug|x86
		{1BFB3BB5-3FC1-492F-BEDA-45F0C07CE248}.Release|x86.ActiveCfg = Release|x86
		{1BFB3BB5-3FC1-492F-BEDA-45F0C07CE248}.Release|x86.Build.0 = Release|x86
		{6E3302A5-8697-43D2-9F8D-C23426EAC474}.Debug|x86.ActiveCfg = Debug|x86
		{6E3302A5-8697-43D2-9F8D-C23426EAC474}.Debug|x86.Build.0 = Debug|x86
		{6E3302A5-8697-43D2-9F8D-C23426EAC474}.Release|x86.ActiveCfg = Release|x86
		{6E3302A5-8697-43D2-9F8D-C23426EAC474}.Release|x86.Build.0 = Release|x86
		{D6BB89AB-36F7-437F-8837-FD7BA37C2766}.Debug|x86.ActiveCfg = Debug|x86
		{D6BB89AB-36F7-437F-8837-FD7BA37C2766}.Debug|x86.Build.0 = Debug|x86
		{D6BB89AB-36F7-437F-8837-FD7BA37C2766}.Release|x86.ActiveCfg = Release|x86
		{D6BB89AB-36F7-437F-8837-FD7BA37C2766}.Release|x86.Build.0 = Release|x86
	EndGlobalSection
	GlobalSection(SolutionProperties) = preSolution
		HideSolutionNode = FALSE
	EndGlobalSection
	GlobalSection(NestedProjects) = preSolution
		{489A24A3-917F-4A9A-B0D2-B68D7FFE1A4D} = {D059EEE0-F3C3-4433-BD06-1C9408B61F51}
		{1BFB3BB5-3FC1-492F-BEDA-45F0C07CE248} = {D059EEE0-F3C3-4433-BD06-1C9408B61F51}
		{6E3302A5-8697-43D2-9F8D-C23426EAC474} = {D059EEE0-F3C3-4433-BD06-1C9408B61F51}
	EndGlobalSection
EndGlobal
