
Microsoft Visual Studio Solution File, Format Version 11.00
# Visual Studio 2010
Project("{FAE04EC0-301F-11D3-BF4B-00C04F79EFBC}") = "001进程", "001进程\001进程.csproj", "{489A24A3-917F-4A9A-B0D2-B68D7FFE1A4D}"
EndProject
Project("{FAE04EC0-301F-11D3-BF4B-00C04F79EFBC}") = "002线程", "002线程\002线程.csproj", "{1BFB3BB5-3FC1-492F-BEDA-45F0C07CE248}"
EndProject
Project("{FAE04EC0-301F-11D3-BF4B-00C04F79EFBC}") = "002线程-摇奖机", "002线程-摇奖机\002线程-摇奖机.csproj", "{6E3302A5-8697-43D2-9F8D-C23426EAC474}"
EndProject
Global
	GlobalSection(SolutionConfigurationPlatforms) = preSolution
		Debug|x86 = Debug|x86
		Release|x86 = Release|x86
	EndGlobalSection
	GlobalSection(ProjectConfigurationPlatforms) = postSolution
		{489A24A3-917F-4A9A-B0D2-B68D7FFE1A4D}.Debug|x86.ActiveCfg = Debug|x86
		{489A24A3-917F-4A9A-B0D2-B68D7FFE1A4D}.Debug|x86.Build.0 = Debug|x86
		{489A24A3-917F-4A9A-B0D2-B68D7FFE1A4D}.Release|x86.ActiveCfg = Release|x86
		{489A24A3-917F-4A9A-B0D2-B68D7FFE1A4D}.Release|x86.Build.0 = Release|x86
		{1BFB3BB5-3FC1-492F-BEDA-45F0C07CE248}.Debug|x86.ActiveCfg = Debug|x86
		{1BFB3BB5-3FC1-492F-BEDA-45F0C07CE248}.Debug|x86.Build.0 = Debug|x86
		{1BFB3BB5-3FC1-492F-BEDA-45F0C07CE248}.Release|x86.ActiveCfg = Release|x86
		{1BFB3BB5-3FC1-492F-BEDA-45F0C07CE248}.Release|x86.Build.0 = Release|x86
		{6E3302A5-8697-43D2-9F8D-C23426EAC474}.Debug|x86.ActiveCfg = Debug|x86
		{6E3302A5-8697-43D2-9F8D-C23426EAC474}.Debug|x86.Build.0 = Debug|x86
		{6E3302A5-8697-43D2-9F8D-C23426EAC474}.Release|x86.ActiveCfg = Release|x86
		{6E3302A5-8697-43D2-9F8D-C23426EAC474}.Release|x86.Build.0 = Release|x86
	EndGlobalSection
	GlobalSection(SolutionProperties) = preSolution
		HideSolutionNode = FALSE
	EndGlobalSection
EndGlobal
